// !$*UTF8*$!
{
	archiveVersion = 1;
	classes = {
	};
	objectVersion = 50;
	objects = {

/* Begin PBXBuildFile section */
		464FF981E263BA7CEE5063E0 /* Pods_RxSwift.framework in Frameworks */ = {isa = PBXBuildFile; fileRef = 17DD1533A793897E6412EA59 /* Pods_RxSwift.framework */; };
		F68C15A121ECE8DD00ED6381 /* AppDelegate.swift in Sources */ = {isa = PBXBuildFile; fileRef = F68C15A021ECE8DD00ED6381 /* AppDelegate.swift */; };
		F68C15A321ECE8DD00ED6381 /* ViewController.swift in Sources */ = {isa = PBXBuildFile; fileRef = F68C15A221ECE8DD00ED6381 /* ViewController.swift */; };
		F68C15A621ECE8DD00ED6381 /* Main.storyboard in Resources */ = {isa = PBXBuildFile; fileRef = F68C15A421ECE8DD00ED6381 /* Main.storyboard */; };
		F68C15A821ECE8DE00ED6381 /* Assets.xcassets in Resources */ = {isa = PBXBuildFile; fileRef = F68C15A721ECE8DE00ED6381 /* Assets.xcassets */; };
		F68C15AB21ECE8DE00ED6381 /* LaunchScreen.storyboard in Resources */ = {isa = PBXBuildFile; fileRef = F68C15A921ECE8DE00ED6381 /* LaunchScreen.storyboard */; };
/* End PBXBuildFile section */

/* Begin PBXFileReference section */
		0C7DFDEA0B996BAC75708C9F /* Pods-RxSwift.release.xcconfig */ = {isa = PBXFileReference; includeInIndex = 1; lastKnownFileType = text.xcconfig; name = "Pods-RxSwift.release.xcconfig"; path = "Pods/Target Support Files/Pods-RxSwift/Pods-RxSwift.release.xcconfig"; sourceTree = "<group>"; };
		17DD1533A793897E6412EA59 /* Pods_RxSwift.framework */ = {isa = PBXFileReference; explicitFileType = wrapper.framework; includeInIndex = 0; path = Pods_RxSwift.framework; sourceTree = BUILT_PRODUCTS_DIR; };
		E4237FDA85F9ED90AD8E35B4 /* Pods-RxSwift.debug.xcconfig */ = {isa = PBXFileReference; includeInIndex = 1; lastKnownFileType = text.xcconfig; name = "Pods-RxSwift.debug.xcconfig"; path = "Pods/Target Support Files/Pods-RxSwift/Pods-RxSwift.debug.xcconfig"; sourceTree = "<group>"; };
		F68C159D21ECE8DD00ED6381 /* RxSwift.app */ = {isa = PBXFileReference; explicitFileType = wrapper.application; includeInIndex = 0; path = RxSwift.app; sourceTree = BUILT_PRODUCTS_DIR; };
		F68C15A021ECE8DD00ED6381 /* AppDelegate.swift */ = {isa = PBXFileReference; lastKnownFileType = sourcecode.swift; path = AppDelegate.swift; sourceTree = "<group>"; };
		F68C15A221ECE8DD00ED6381 /* ViewController.swift */ = {isa = PBXFileReference; lastKnownFileType = sourcecode.swift; path = ViewController.swift; sourceTree = "<group>"; };
		F68C15A521ECE8DD00ED6381 /* Base */ = {isa = PBXFileReference; lastKnownFileType = file.storyboard; name = Base; path = Base.lproj/Main.storyboard; sourceTree = "<group>"; };
		F68C15A721ECE8DE00ED6381 /* Assets.xcassets */ = {isa = PBXFileReference; lastKnownFileType = folder.assetcatalog; path = Assets.xcassets; sourceTree = "<group>"; };
		F68C15AA21ECE8DE00ED6381 /* Base */ = {isa = PBXFileReference; lastKnownFileType = file.storyboard; name = Base; path = Base.lproj/LaunchScreen.storyboard; sourceTree = "<group>"; };
		F68C15AC21ECE8DE00ED6381 /* Info.plist */ = {isa = PBXFileReference; lastKnownFileType = text.plist.xml; path = Info.plist; sourceTree = "<group>"; };
/* End PBXFileReference section */

/* Begin PBXFrameworksBuildPhase section */
		F68C159A21ECE8DD00ED6381 /* Frameworks */ = {
			isa = PBXFrameworksBuildPhase;
			buildActionMask = 2147483647;
			files = (
				464FF981E263BA7CEE5063E0 /* Pods_RxSwift.framework in Frameworks */,
			);
			runOnlyForDeploymentPostprocessing = 0;
		};
/* End PBXFrameworksBuildPhase section */

/* Begin PBXGroup section */
		926C2256E11ABA8062D825BE /* Frameworks */ = {
			isa = PBXGroup;
			children = (
				17DD1533A793897E6412EA59 /* Pods_RxSwift.framework */,
			);
			name = Frameworks;
			sourceTree = "<group>";
		};
		9E79AF3CACF37311E01DC446 /* Pods */ = {
			isa = PBXGroup;
			children = (
				E4237FDA85F9ED90AD8E35B4 /* Pods-RxSwift.debug.xcconfig */,
				0C7DFDEA0B996BAC75708C9F /* Pods-RxSwift.release.xcconfig */,
			);
			name = Pods;
			sourceTree = "<group>";
		};
		F68C159421ECE8DD00ED6381 = {
			isa = PBXGroup;
			children = (
				F68C159F21ECE8DD00ED6381 /* RxSwift */,
				F68C159E21ECE8DD00ED6381 /* Products */,
				9E79AF3CACF37311E01DC446 /* Pods */,
				926C2256E11ABA8062D825BE /* Frameworks */,
			);
			sourceTree = "<group>";
		};
		F68C159E21ECE8DD00ED6381 /* Products */ = {
			isa = PBXGroup;
			children = (
				F68C159D21ECE8DD00ED6381 /* RxSwift.app */,
			);
			name = Products;
			sourceTree = "<group>";
		};
		F68C159F21ECE8DD00ED6381 /* RxSwift */ = {
			isa = PBXGroup;
			children = (
				F68C15A021ECE8DD00ED6381 /* AppDelegate.swift */,
				F68C15A221ECE8DD00ED6381 /* ViewController.swift */,
				F68C15A421ECE8DD00ED6381 /* Main.storyboard */,
				F68C15A721ECE8DE00ED6381 /* Assets.xcassets */,
				F68C15A921ECE8DE00ED6381 /* LaunchScreen.storyboard */,
				F68C15AC21ECE8DE00ED6381 /* Info.plist */,
			);
			path = RxSwift;
			sourceTree = "<group>";
		};
/* End PBXGroup section */

/* Begin PBXNativeTarget section */
		F68C159C21ECE8DD00ED6381 /* RxSwift */ = {
			isa = PBXNativeTarget;
			buildConfigurationList = F68C15AF21ECE8DE00ED6381 /* Build configuration list for PBXNativeTarget "RxSwift" */;
			buildPhases = (
				833D783AF8E658C9F3481509 /* [CP] Check Pods Manifest.lock */,
				F68C159921ECE8DD00ED6381 /* Sources */,
				F68C159A21ECE8DD00ED6381 /* Frameworks */,
				F68C159B21ECE8DD00ED6381 /* Resources */,
				7B9F30FD06B6EACF4E9EB746 /* [CP] Embed Pods Frameworks */,
			);
			buildRules = (
			);
			dependencies = (
			);
			name = RxSwift;
			productName = RxSwift;
			productReference = F68C159D21ECE8DD00ED6381 /* RxSwift.app */;
			productType = "com.apple.product-type.application";
		};
/* End PBXNativeTarget section */

/* Begin PBXProject section */
		F68C159521ECE8DD00ED6381 /* Project object */ = {
			isa = PBXProject;
			attributes = {
				LastSwiftUpdateCheck = 1010;
				LastUpgradeCheck = 1010;
				ORGANIZATIONNAME = "Oleksandr Vasylchenko";
				TargetAttributes = {
					F68C159C21ECE8DD00ED6381 = {
						CreatedOnToolsVersion = 10.1;
					};
				};
			};
			buildConfigurationList = F68C159821ECE8DD00ED6381 /* Build configuration list for PBXProject "RxSwift" */;
			compatibilityVersion = "Xcode 9.3";
			developmentRegion = en;
			hasScannedForEncodings = 0;
			knownRegions = (
				en,
				Base,
			);
			mainGroup = F68C159421ECE8DD00ED6381;
			productRefGroup = F68C159E21ECE8DD00ED6381 /* Products */;
			projectDirPath = "";
			projectRoot = "";
			targets = (
				F68C159C21ECE8DD00ED6381 /* RxSwift */,
			);
		};
/* End PBXProject section */

/* Begin PBXResourcesBuildPhase section */
		F68C159B21ECE8DD00ED6381 /* Resources */ = {
			isa = PBXResourcesBuildPhase;
			buildActionMask = 2147483647;
			files = (
				F68C15AB21ECE8DE00ED6381 /* LaunchScreen.storyboard in Resources */,
				F68C15A821ECE8DE00ED6381 /* Assets.xcassets in Resources */,
				F68C15A621ECE8DD00ED6381 /* Main.storyboard in Resources */,
			);
			runOnlyForDeploymentPostprocessing = 0;
		};
/* End PBXResourcesBuildPhase section */

/* Begin PBXShellScriptBuildPhase section */
		7B9F30FD06B6EACF4E9EB746 /* [CP] Embed Pods Frameworks */ = {
			isa = PBXShellScriptBuildPhase;
			buildActionMask = 2147483647;
			files = (
			);
			inputFileListPaths = (
			);
			inputPaths = (
				"${SRCROOT}/Pods/Target Support Files/Pods-RxSwift/Pods-RxSwift-frameworks.sh",
				"${BUILT_PRODUCTS_DIR}/RxAtomic/RxAtomic.framework",
				"${BUILT_PRODUCTS_DIR}/RxCocoa/RxCocoa.framework",
				"${BUILT_PRODUCTS_DIR}/RxSwift/RxSwift.framework",
			);
			name = "[CP] Embed Pods Frameworks";
			outputFileListPaths = (
			);
			outputPaths = (
				"${TARGET_BUILD_DIR}/${FRAMEWORKS_FOLDER_PATH}/RxAtomic.framework",
				"${TARGET_BUILD_DIR}/${FRAMEWORKS_FOLDER_PATH}/RxCocoa.framework",
				"${TARGET_BUILD_DIR}/${FRAMEWORKS_FOLDER_PATH}/RxSwift.framework",
			);
			runOnlyForDeploymentPostprocessing = 0;
			shellPath = /bin/sh;
			shellScript = "\"${SRCROOT}/Pods/Target Support Files/Pods-RxSwift/Pods-RxSwift-frameworks.sh\"\n";
			showEnvVarsInLog = 0;
		};
		833D783AF8E658C9F3481509 /* [CP] Check Pods Manifest.lock */ = {
			isa = PBXShellScriptBuildPhase;
			buildActionMask = 2147483647;
			files = (
			);
			inputFileListPaths = (
			);
			inputPaths = (
				"${PODS_PODFILE_DIR_PATH}/Podfile.lock",
				"${PODS_ROOT}/Manifest.lock",
			);
			name = "[CP] Check Pods Manifest.lock";
			outputFileListPaths = (
			);
			outputPaths = (
				"$(DERIVED_FILE_DIR)/Pods-RxSwift-checkManifestLockResult.txt",
			);
			runOnlyForDeploymentPostprocessing = 0;
			shellPath = /bin/sh;
			shellScript = "diff \"${PODS_PODFILE_DIR_PATH}/Podfile.lock\" \"${PODS_ROOT}/Manifest.lock\" > /dev/null\nif [ $? != 0 ] ; then\n    # print error to STDERR\n    echo \"error: The sandbox is not in sync with the Podfile.lock. Run 'pod install' or update your CocoaPods installation.\" >&2\n    exit 1\nfi\n# This output is used by Xcode 'outputs' to avoid re-running this script phase.\necho \"SUCCESS\" > \"${SCRIPT_OUTPUT_FILE_0}\"\n";
			showEnvVarsInLog = 0;
		};
/* End PBXShellScriptBuildPhase section */

/* Begin PBXSourcesBuildPhase section */
		F68C159921ECE8DD00ED6381 /* Sources */ = {
			isa = PBXSourcesBuildPhase;
			buildActionMask = 2147483647;
			files = (
				F68C15A321ECE8DD00ED6381 /* ViewController.swift in Sources */,
				F68C15A121ECE8DD00ED6381 /* AppDelegate.swift in Sources */,
			);
			runOnlyForDeploymentPostprocessing = 0;
		};
/* End PBXSourcesBuildPhase section */

/* Begin PBXVariantGroup section */
		F68C15A421ECE8DD00ED6381 /* Main.storyboard */ = {
			isa = PBXVariantGroup;
			children = (
				F68C15A521ECE8DD00ED6381 /* Base */,
			);
			name = Main.storyboard;
			sourceTree = "<group>";
		};
		F68C15A921ECE8DE00ED6381 /* LaunchScreen.storyboard */ = {
			isa = PBXVariantGroup;
			children = (
				F68C15AA21ECE8DE00ED6381 /* Base */,
			);
			name = LaunchScreen.storyboard;
			sourceTree = "<group>";
		};
/* End PBXVariantGroup section */

/* Begin XCBuildConfiguration section */
		F68C15AD21ECE8DE00ED6381 /* Debug */ = {
			isa = XCBuildConfiguration;
			buildSettings = {
				ALWAYS_SEARCH_USER_PATHS = NO;
				CLANG_ANALYZER_NONNULL = YES;
				CLANG_ANALYZER_NUMBER_OBJECT_CONVERSION = YES_AGGRESSIVE;
				CLANG_CXX_LANGUAGE_STANDARD = "gnu++14";
				CLANG_CXX_LIBRARY = "libc++";
				CLANG_ENABLE_MODULES = YES;
				CLANG_ENABLE_OBJC_ARC = YES;
				CLANG_ENABLE_OBJC_WEAK = YES;
				CLANG_WARN_BLOCK_CAPTURE_AUTORELEASING = YES;
				CLANG_WARN_BOOL_CONVERSION = YES;
				CLANG_WARN_COMMA = YES;
				CLANG_WARN_CONSTANT_CONVERSION = YES;
				CLANG_WARN_DEPRECATED_OBJC_IMPLEMENTATIONS = YES;
				CLANG_WARN_DIRECT_OBJC_ISA_USAGE = YES_ERROR;
				CLANG_WARN_DOCUMENTATION_COMMENTS = YES;
				CLANG_WARN_EMPTY_BODY = YES;
				CLANG_WARN_ENUM_CONVERSION = YES;
				CLANG_WARN_INFINITE_RECURSION = YES;
				CLANG_WARN_INT_CONVERSION = YES;
				CLANG_WARN_NON_LITERAL_NULL_CONVERSION = YES;
				CLANG_WARN_OBJC_IMPLICIT_RETAIN_SELF = YES;
				CLANG_WARN_OBJC_LITERAL_CONVERSION = YES;
				CLANG_WARN_OBJC_ROOT_CLASS = YES_ERROR;
				CLANG_WARN_RANGE_LOOP_ANALYSIS = YES;
				CLANG_WARN_STRICT_PROTOTYPES = YES;
				CLANG_WARN_SUSPICIOUS_MOVE = YES;
				CLANG_WARN_UNGUARDED_AVAILABILITY = YES_AGGRESSIVE;
				CLANG_WARN_UNREACHABLE_CODE = YES;
				CLANG_WARN__DUPLICATE_METHOD_MATCH = YES;
				CODE_SIGN_IDENTITY = "iPhone Developer";
				COPY_PHASE_STRIP = NO;
				DEBUG_INFORMATION_FORMAT = dwarf;
				ENABLE_STRICT_OBJC_MSGSEND = YES;
				ENABLE_TESTABILITY = YES;
				GCC_C_LANGUAGE_STANDARD = gnu11;
				GCC_DYNAMIC_NO_PIC = NO;
				GCC_NO_COMMON_BLOCKS = YES;
				GCC_OPTIMIZATION_LEVEL = 0;
				GCC_PREPROCESSOR_DEFINITIONS = (
					"DEBUG=1",
					"$(inherited)",
				);
				GCC_WARN_64_TO_32_BIT_CONVERSION = YES;
				GCC_WARN_ABOUT_RETURN_TYPE = YES_ERROR;
				GCC_WARN_UNDECLARED_SELECTOR = YES;
				GCC_WARN_UNINITIALIZED_AUTOS = YES_AGGRESSIVE;
				GCC_WARN_UNUSED_FUNCTION = YES;
				GCC_WARN_UNUSED_VARIABLE = YES;
				IPHONEOS_DEPLOYMENT_TARGET = 12.1;
				MTL_ENABLE_DEBUG_INFO = INCLUDE_SOURCE;
				MTL_FAST_MATH = YES;
				ONLY_ACTIVE_ARCH = YES;
				SDKROOT = iphoneos;
				SWIFT_ACTIVE_COMPILATION_CONDITIONS = DEBUG;
				SWIFT_OPTIMIZATION_LEVEL = "-Onone";
			};
			name = Debug;
		};
		F68C15AE21ECE8DE00ED6381 /* Release */ = {
			isa = XCBuildConfiguration;
			buildSettings = {
				ALWAYS_SEARCH_USER_PATHS = NO;
				CLANG_ANALYZER_NONNULL = YES;
				CLANG_ANALYZER_NUMBER_OBJECT_CONVERSION = YES_AGGRESSIVE;
				CLANG_CXX_LANGUAGE_STANDARD = "gnu++14";
				CLANG_CXX_LIBRARY = "libc++";
				CLANG_ENABLE_MODULES = YES;
				CLANG_ENABLE_OBJC_ARC = YES;
				CLANG_ENABLE_OBJC_WEAK = YES;
				CLANG_WARN_BLOCK_CAPTURE_AUTORELEASING = YES;
				CLANG_WARN_BOOL_CONVERSION = YES;
				CLANG_WARN_COMMA = YES;
				CLANG_WARN_CONSTANT_CONVERSION = YES;
				CLANG_WARN_DEPRECATED_OBJC_IMPLEMENTATIONS = YES;
				CLANG_WARN_DIRECT_OBJC_ISA_USAGE = YES_ERROR;
				CLANG_WARN_DOCUMENTATION_COMMENTS = YES;
				CLANG_WARN_EMPTY_BODY = YES;
				CLANG_WARN_ENUM_CONVERSION = YES;
				CLANG_WARN_INFINITE_RECURSION = YES;
				CLANG_WARN_INT_CONVERSION = YES;
				CLANG_WARN_NON_LITERAL_NULL_CONVERSION = YES;
				CLANG_WARN_OBJC_IMPLICIT_RETAIN_SELF = YES;
				CLANG_WARN_OBJC_LITERAL_CONVERSION = YES;
				CLANG_WARN_OBJC_ROOT_CLASS = YES_ERROR;
				CLANG_WARN_RANGE_LOOP_ANALYSIS = YES;
				CLANG_WARN_STRICT_PROTOTYPES = YES;
				CLANG_WARN_SUSPICIOUS_MOVE = YES;
				CLANG_WARN_UNGUARDED_AVAILABILITY = YES_AGGRESSIVE;
				CLANG_WARN_UNREACHABLE_CODE = YES;
				CLANG_WARN__DUPLICATE_METHOD_MATCH = YES;
				CODE_SIGN_IDENTITY = "iPhone Developer";
				COPY_PHASE_STRIP = NO;
				DEBUG_INFORMATION_FORMAT = "dwarf-with-dsym";
				ENABLE_NS_ASSERTIONS = NO;
				ENABLE_STRICT_OBJC_MSGSEND = YES;
				GCC_C_LANGUAGE_STANDARD = gnu11;
				GCC_NO_COMMON_BLOCKS = YES;
				GCC_WARN_64_TO_32_BIT_CONVERSION = YES;
				GCC_WARN_ABOUT_RETURN_TYPE = YES_ERROR;
				GCC_WARN_UNDECLARED_SELECTOR = YES;
				GCC_WARN_UNINITIALIZED_AUTOS = YES_AGGRESSIVE;
				GCC_WARN_UNUSED_FUNCTION = YES;
				GCC_WARN_UNUSED_VARIABLE = YES;
				IPHONEOS_DEPLOYMENT_TARGET = 12.1;
				MTL_ENABLE_DEBUG_INFO = NO;
				MTL_FAST_MATH = YES;
				SDKROOT = iphoneos;
				SWIFT_COMPILATION_MODE = wholemodule;
				SWIFT_OPTIMIZATION_LEVEL = "-O";
				VALIDATE_PRODUCT = YES;
			};
			name = Release;
		};
		F68C15B021ECE8DE00ED6381 /* Debug */ = {
			isa = XCBuildConfiguration;
			baseConfigurationReference = E4237FDA85F9ED90AD8E35B4 /* Pods-RxSwift.debug.xcconfig */;
			buildSettings = {
				ASSETCATALOG_COMPILER_APPICON_NAME = AppIcon;
				CODE_SIGN_STYLE = Automatic;
				INFOPLIST_FILE = RxSwift/Info.plist;
				LD_RUNPATH_SEARCH_PATHS = (
					"$(inherited)",
					"@executable_path/Frameworks",
				);
				PRODUCT_BUNDLE_IDENTIFIER = com.aleksandr.home.RxSwift;
				PRODUCT_NAME = "$(TARGET_NAME)";
				SWIFT_VERSION = 4.2;
				TARGETED_DEVICE_FAMILY = "1,2";
			};
			name = Debug;
		};
		F68C15B121ECE8DE00ED6381 /* Release */ = {
			isa = XCBuildConfiguration;
			baseConfigurationReference = 0C7DFDEA0B996BAC75708C9F /* Pods-RxSwift.release.xcconfig */;
			buildSettings = {
				ASSETCATALOG_COMPILER_APPICON_NAME = AppIcon;
				CODE_SIGN_STYLE = Automatic;
				INFOPLIST_FILE = RxSwift/Info.plist;
				LD_RUNPATH_SEARCH_PATHS = (
					"$(inherited)",
					"@executable_path/Frameworks",
				);
				PRODUCT_BUNDLE_IDENTIFIER = com.aleksandr.home.RxSwift;
				PRODUCT_NAME = "$(TARGET_NAME)";
				SWIFT_VERSION = 4.2;
				TARGETED_DEVICE_FAMILY = "1,2";
			};
			name = Release;
		};
/* End XCBuildConfiguration section */

/* Begin XCConfigurationList section */
		F68C159821ECE8DD00ED6381 /* Build configuration list for PBXProject "RxSwift" */ = {
			isa = XCConfigurationList;
			buildConfigurations = (
				F68C15AD21ECE8DE00ED6381 /* Debug */,
				F68C15AE21ECE8DE00ED6381 /* Release */,
			);
			defaultConfigurationIsVisible = 0;
			defaultConfigurationName = Release;
		};
		F68C15AF21ECE8DE00ED6381 /* Build configuration list for PBXNativeTarget "RxSwift" */ = {
			isa = XCConfigurationList;
			buildConfigurations = (
				F68C15B021ECE8DE00ED6381 /* Debug */,
				F68C15B121ECE8DE00ED6381 /* Release */,
			);
			defaultConfigurationIsVisible = 0;
			defaultConfigurationName = Release;
		};
/* End XCConfigurationList section */
	};
	rootObject = F68C159521ECE8DD00ED6381 /* Project object */;
}
